
Microsoft Visual Studio Solution File, Format Version 12.00
# Visual Studio Version 17
VisualStudioVersion = 17.2.32519.379
MinimumVisualStudioVersion = 10.0.40219.1
Project("{FAE04EC0-301F-11D3-BF4B-00C04F79EFBC}") = "UserAPI", "UserAPI\UserAPI.csproj", "{F1DC08B6-3B58-468C-AC81-2C759BF6D66B}"
EndProject
Global
	GlobalSection(SolutionConfigurationPlatforms) = preSolution
		Debug|Any CPU = Debug|Any CPU
		Release|Any CPU = Release|Any CPU
	EndGlobalSection
	GlobalSection(ProjectConfigurationPlatforms) = postSolution
		{F1DC08B6-3B58-468C-AC81-2C759BF6D66B}.Debug|Any CPU.ActiveCfg = Debug|Any CPU
		{F1DC08B6-3B58-468C-AC81-2C759BF6D66B}.Debug|Any CPU.Build.0 = Debug|Any CPU
		{F1DC08B6-3B58-468C-AC81-2C759BF6D66B}.Release|Any CPU.ActiveCfg = Release|Any CPU
		{F1DC08B6-3B58-468C-AC81-2C759BF6D66B}.Release|Any CPU.Build.0 = Release|Any CPU
	EndGlobalSection
	GlobalSection(SolutionProperties) = preSolution
		HideSolutionNode = FALSE
	EndGlobalSection
	GlobalSection(ExtensibilityGlobals) = postSolution
		SolutionGuid = {C0506E42-8696-4D7C-BF4F-59613E4EC9D4}
	EndGlobalSection
EndGlobal
